{
  "originHash" : "cd8927b245cb87febb6ebf9e2cce688d731a4d373a1cf4c9758d68f3b910af4d",
  "pins" : [
    {
      "identity" : "swiftplus",
      "kind" : "remoteSourceControl",
      "location" : "https://github.com/danielinoa/SwiftPlus.git",
      "state" : {
        "branch" : "main",
        "revision" : "6ec444659ef9444ae757c2fd20953d44d36fe230"
      }
    }
  ],
  "version" : 3
}
